
Microsoft Visual Studio Solution File, Format Version 12.00
# Visual Studio Version 17
VisualStudioVersion = 17.0.31903.59
MinimumVisualStudioVersion = 10.0.40219.1
Project("{FAE04EC0-301F-11D3-BF4B-00C04F79EFBC}") = "MoneyFlow.Api", "MoneyFlow.Api\MoneyFlow.Api.csproj", "{AAEE21F5-24C2-4763-9DD8-B17C88538714}"
EndProject
Project("{FAE04EC0-301F-11D3-BF4B-00C04F79EFBC}") = "MoneyFlow.Web", "MoneyFlow.Web\MoneyFlow.Web.csproj", "{649C7D3C-6A33-4630-ABD4-742763EA119F}"
EndProject
Project("{FAE04EC0-301F-11D3-BF4B-00C04F79EFBC}") = "MoneyFlow.Core", "MoneyFlow.Core\MoneyFlow.Core.csproj", "{CA2B8C5F-7FD1-4648-A0BD-AE817AF49483}"
EndProject
Global
	GlobalSection(SolutionConfigurationPlatforms) = preSolution
		Debug|Any CPU = Debug|Any CPU
		Debug|x64 = Debug|x64
		Debug|x86 = Debug|x86
		Release|Any CPU = Release|Any CPU
		Release|x64 = Release|x64
		Release|x86 = Release|x86
	EndGlobalSection
	GlobalSection(ProjectConfigurationPlatforms) = postSolution
		{AAEE21F5-24C2-4763-9DD8-B17C88538714}.Debug|Any CPU.ActiveCfg = Debug|Any CPU
		{AAEE21F5-24C2-4763-9DD8-B17C88538714}.Debug|Any CPU.Build.0 = Debug|Any CPU
		{AAEE21F5-24C2-4763-9DD8-B17C88538714}.Debug|x64.ActiveCfg = Debug|Any CPU
		{AAEE21F5-24C2-4763-9DD8-B17C88538714}.Debug|x64.Build.0 = Debug|Any CPU
		{AAEE21F5-24C2-4763-9DD8-B17C88538714}.Debug|x86.ActiveCfg = Debug|Any CPU
		{AAEE21F5-24C2-4763-9DD8-B17C88538714}.Debug|x86.Build.0 = Debug|Any CPU
		{AAEE21F5-24C2-4763-9DD8-B17C88538714}.Release|Any CPU.ActiveCfg = Release|Any CPU
		{AAEE21F5-24C2-4763-9DD8-B17C88538714}.Release|Any CPU.Build.0 = Release|Any CPU
		{AAEE21F5-24C2-4763-9DD8-B17C88538714}.Release|x64.ActiveCfg = Release|Any CPU
		{AAEE21F5-24C2-4763-9DD8-B17C88538714}.Release|x64.Build.0 = Release|Any CPU
		{AAEE21F5-24C2-4763-9DD8-B17C88538714}.Release|x86.ActiveCfg = Release|Any CPU
		{AAEE21F5-24C2-4763-9DD8-B17C88538714}.Release|x86.Build.0 = Release|Any CPU
		{649C7D3C-6A33-4630-ABD4-742763EA119F}.Debug|Any CPU.ActiveCfg = Debug|Any CPU
		{649C7D3C-6A33-4630-ABD4-742763EA119F}.Debug|Any CPU.Build.0 = Debug|Any CPU
		{649C7D3C-6A33-4630-ABD4-742763EA119F}.Debug|x64.ActiveCfg = Debug|Any CPU
		{649C7D3C-6A33-4630-ABD4-742763EA119F}.Debug|x64.Build.0 = Debug|Any CPU
		{649C7D3C-6A33-4630-ABD4-742763EA119F}.Debug|x86.ActiveCfg = Debug|Any CPU
		{649C7D3C-6A33-4630-ABD4-742763EA119F}.Debug|x86.Build.0 = Debug|Any CPU
		{649C7D3C-6A33-4630-ABD4-742763EA119F}.Release|Any CPU.ActiveCfg = Release|Any CPU
		{649C7D3C-6A33-4630-ABD4-742763EA119F}.Release|Any CPU.Build.0 = Release|Any CPU
		{649C7D3C-6A33-4630-ABD4-742763EA119F}.Release|x64.ActiveCfg = Release|Any CPU
		{649C7D3C-6A33-4630-ABD4-742763EA119F}.Release|x64.Build.0 = Release|Any CPU
		{649C7D3C-6A33-4630-ABD4-742763EA119F}.Release|x86.ActiveCfg = Release|Any CPU
		{649C7D3C-6A33-4630-ABD4-742763EA119F}.Release|x86.Build.0 = Release|Any CPU
		{CA2B8C5F-7FD1-4648-A0BD-AE817AF49483}.Debug|Any CPU.ActiveCfg = Debug|Any CPU
		{CA2B8C5F-7FD1-4648-A0BD-AE817AF49483}.Debug|Any CPU.Build.0 = Debug|Any CPU
		{CA2B8C5F-7FD1-4648-A0BD-AE817AF49483}.Debug|x64.ActiveCfg = Debug|Any CPU
		{CA2B8C5F-7FD1-4648-A0BD-AE817AF49483}.Debug|x64.Build.0 = Debug|Any CPU
		{CA2B8C5F-7FD1-4648-A0BD-AE817AF49483}.Debug|x86.ActiveCfg = Debug|Any CPU
		{CA2B8C5F-7FD1-4648-A0BD-AE817AF49483}.Debug|x86.Build.0 = Debug|Any CPU
		{CA2B8C5F-7FD1-4648-A0BD-AE817AF49483}.Release|Any CPU.ActiveCfg = Release|Any CPU
		{CA2B8C5F-7FD1-4648-A0BD-AE817AF49483}.Release|Any CPU.Build.0 = Release|Any CPU
		{CA2B8C5F-7FD1-4648-A0BD-AE817AF49483}.Release|x64.ActiveCfg = Release|Any CPU
		{CA2B8C5F-7FD1-4648-A0BD-AE817AF49483}.Release|x64.Build.0 = Release|Any CPU
		{CA2B8C5F-7FD1-4648-A0BD-AE817AF49483}.Release|x86.ActiveCfg = Release|Any CPU
		{CA2B8C5F-7FD1-4648-A0BD-AE817AF49483}.Release|x86.Build.0 = Release|Any CPU
	EndGlobalSection
	GlobalSection(SolutionProperties) = preSolution
		HideSolutionNode = FALSE
	EndGlobalSection
EndGlobal
